
Microsoft Visual Studio Solution File, Format Version 12.00
# Visual Studio Version 17
VisualStudioVersion = 17.9.34728.123
MinimumVisualStudioVersion = 10.0.40219.1
Project("{FAE04EC0-301F-11D3-BF4B-00C04F79EFBC}") = "The Muze Reactive", "The Muze Reactive\The Muze Reactive.csproj", "{9E9B8438-3629-44B6-B270-5103D2E1CBA7}"
EndProject
Global
	GlobalSection(SolutionConfigurationPlatforms) = preSolution
		Debug|Any CPU = Debug|Any CPU
		Release|Any CPU = Release|Any CPU
	EndGlobalSection
	GlobalSection(ProjectConfigurationPlatforms) = postSolution
		{9E9B8438-3629-44B6-B270-5103D2E1CBA7}.Debug|Any CPU.ActiveCfg = Debug|Any CPU
		{9E9B8438-3629-44B6-B270-5103D2E1CBA7}.Debug|Any CPU.Build.0 = Debug|Any CPU
		{9E9B8438-3629-44B6-B270-5103D2E1CBA7}.Release|Any CPU.ActiveCfg = Release|Any CPU
		{9E9B8438-3629-44B6-B270-5103D2E1CBA7}.Release|Any CPU.Build.0 = Release|Any CPU
	EndGlobalSection
	GlobalSection(SolutionProperties) = preSolution
		HideSolutionNode = FALSE
	EndGlobalSection
	GlobalSection(ExtensibilityGlobals) = postSolution
		SolutionGuid = {67944463-15AF-46F5-AD85-26B0006984EE}
	EndGlobalSection
EndGlobal
